<?xml version="1.0" encoding="utf-8"?>
<Project ToolsVersion="4.0" xmlns="http://schemas.microsoft.com/developer/msbuild/2003">
  <ItemGroup>
    <Filter Include="Исходные файлы">
      <UniqueIdentifier>{4FC737F1-C7A5-4376-A066-2A32D752A2FF}</UniqueIdentifier>
      <Extensions>cpp;c;cc;cxx;c++;def;odl;idl;hpj;bat;asm;asmx</Extensions>
    </Filter>
    <Filter Include="Файлы заголовков">
      <UniqueIdentifier>{93995380-89BD-4b04-88EB-625FBE52EBFB}</UniqueIdentifier>
      <Extensions>h;hh;hpp;hxx;h++;hm;inl;inc;ipp;xsd</Extensions>
    </Filter>
    <Filter Include="Файлы ресурсов">
      <UniqueIdentifier>{67DA6AB6-F800-4c08-8B7A-83BB121AAD01}</UniqueIdentifier>
      <Extensions>rc;ico;cur;bmp;dlg;rc2;rct;bin;rgs;gif;jpg;jpeg;jpe;resx;tiff;tif;png;wav;mfcribbon-ms</Extensions>
    </Filter>
  </ItemGroup>
  <ItemGroup>
    <ClCompile Include="descriptions.cpp">
      <Filter>Исходные файлы</Filter>
    </ClCompile>
    <ClCompile Include="json.cpp">
      <Filter>Исходные файлы</Filter>
    </ClCompile>
    <ClCompile Include="main.cpp">
      <Filter>Исходные файлы</Filter>
    </ClCompile>
    <ClCompile Include="requests.cpp">
      <Filter>Исходные файлы</Filter>
    </ClCompile>
    <ClCompile Include="sphere.cpp">
      <Filter>Исходные файлы</Filter>
    </ClCompile>
    <ClCompile Include="transport_catalog.cpp">
      <Filter>Исходные файлы</Filter>
    </ClCompile>
    <ClCompile Include="transport_router.cpp">
      <Filter>Исходные файлы</Filter>
    </ClCompile>
    <ClCompile Include="utils.cpp">
      <Filter>Исходные файлы</Filter>
    </ClCompile>
    <ClCompile Include="svg_lib.cpp">
      <Filter>Исходные файлы</Filter>
    </ClCompile>
    <ClCompile Include="map_builder.cpp">
      <Filter>Исходные файлы</Filter>
    </ClCompile>
  </ItemGroup>
  <ItemGroup>
    <ClInclude Include="descriptions.h">
      <Filter>Исходные файлы</Filter>
    </ClInclude>
    <ClInclude Include="graph.h">
      <Filter>Исходные файлы</Filter>
    </ClInclude>
    <ClInclude Include="json.h">
      <Filter>Исходные файлы</Filter>
    </ClInclude>
    <ClInclude Include="requests.h">
      <Filter>Исходные файлы</Filter>
    </ClInclude>
    <ClInclude Include="router.h">
      <Filter>Исходные файлы</Filter>
    </ClInclude>
    <ClInclude Include="sphere.h">
      <Filter>Исходные файлы</Filter>
    </ClInclude>
    <ClInclude Include="transport_catalog.h">
      <Filter>Исходные файлы</Filter>
    </ClInclude>
    <ClInclude Include="transport_router.h">
      <Filter>Исходные файлы</Filter>
    </ClInclude>
    <ClInclude Include="utils.h">
      <Filter>Исходные файлы</Filter>
    </ClInclude>
    <ClInclude Include="map_builder.h">
      <Filter>Исходные файлы</Filter>
    </ClInclude>
    <ClInclude Include="svg_lib.h">
      <Filter>Исходные файлы</Filter>
    </ClInclude>
  </ItemGroup>
</Project>